github.com/veandco/go-sdl2 v0.4.0 h1:l9q6K+Dvpd/VlZdw2ufApKnWhAQqx9UL8Zrvbjtm3Lw=
github.com/veandco/go-sdl2 v0.4.0/go.mod h1:FB+kTpX9YTE+urhYiClnRzpOXbiWgaU3+5F2AB78DPg=
golang.org/x/image v0.0.0-20200119044424-58c23975cae1 h1:5h3ngYt7+vXCDZCup/HkCQgW5XwmSvR/nA2JmJ0RErg=
golang.org/x/image v0.0.0-20200119044424-58c23975cae1/go.mod h1:FeLwcggjj3mMvU+oOTbSwawSJRM1uh48EjtB4UJZlP0=
golang.org/x/text v0.3.0/go.mod h1:NqM8EUOU14njkJ3fqMW+pc6Ldnwhi/IjpwHt7yyuwOQ=
